// !$*UTF8*$!
{
	archiveVersion = 1;
	classes = {
	};
	objectVersion = 56;
	objects = {

/* Begin PBXBuildFile section */
		71D419CD2BD292680037EA5C /* AppDelegate.swift in Sources */ = {isa = PBXBuildFile; fileRef = 71D419CC2BD292680037EA5C /* AppDelegate.swift */; };
		71D419CF2BD292680037EA5C /* SceneDelegate.swift in Sources */ = {isa = PBXBuildFile; fileRef = 71D419CE2BD292680037EA5C /* SceneDelegate.swift */; };
		71D419D12BD292680037EA5C /* ViewController.swift in Sources */ = {isa = PBXBuildFile; fileRef = 71D419D02BD292680037EA5C /* ViewController.swift */; };
		71D419D42BD292680037EA5C /* Main.storyboard in Resources */ = {isa = PBXBuildFile; fileRef = 71D419D22BD292680037EA5C /* Main.storyboard */; };
		71D419D72BD292680037EA5C /* keka.xcdatamodeld in Sources */ = {isa = PBXBuildFile; fileRef = 71D419D52BD292680037EA5C /* keka.xcdatamodeld */; };
		71D419D92BD292690037EA5C /* Assets.xcassets in Resources */ = {isa = PBXBuildFile; fileRef = 71D419D82BD292690037EA5C /* Assets.xcassets */; };
		71D419DC2BD292690037EA5C /* LaunchScreen.storyboard in Resources */ = {isa = PBXBuildFile; fileRef = 71D419DA2BD292690037EA5C /* LaunchScreen.storyboard */; };
		71D419E42BD292820037EA5C /* NetworkHelper.swift in Sources */ = {isa = PBXBuildFile; fileRef = 71D419E32BD292820037EA5C /* NetworkHelper.swift */; };
		71D419E82BD293350037EA5C /* Entity.swift in Sources */ = {isa = PBXBuildFile; fileRef = 71D419E72BD293350037EA5C /* Entity.swift */; };
		71D419EA2BD29ABB0037EA5C /* DataTableViewCell.swift in Sources */ = {isa = PBXBuildFile; fileRef = 71D419E92BD29ABB0037EA5C /* DataTableViewCell.swift */; };
		71D419EC2BD2C03F0037EA5C /* DataViewModel.swift in Sources */ = {isa = PBXBuildFile; fileRef = 71D419EB2BD2C03F0037EA5C /* DataViewModel.swift */; };
		71D419EE2BD2E0D20037EA5C /* DataRepository.swift in Sources */ = {isa = PBXBuildFile; fileRef = 71D419ED2BD2E0D20037EA5C /* DataRepository.swift */; };
		71D419F02BD2FBA30037EA5C /* Utitlity.swift in Sources */ = {isa = PBXBuildFile; fileRef = 71D419EF2BD2FBA30037EA5C /* Utitlity.swift */; };
		71E4E81B2BD37ABD0021BEF2 /* InternetConnectionChecker.swift in Sources */ = {isa = PBXBuildFile; fileRef = 71E4E81A2BD37ABD0021BEF2 /* InternetConnectionChecker.swift */; };
		71E4E81D2BD39F930021BEF2 /* DocDataRepository.swift in Sources */ = {isa = PBXBuildFile; fileRef = 71E4E81C2BD39F930021BEF2 /* DocDataRepository.swift */; };
		71E4E8202BD3A9C50021BEF2 /* Document+CoreDataClass.swift in Sources */ = {isa = PBXBuildFile; fileRef = 71E4E81F2BD3A9C50021BEF2 /* Document+CoreDataClass.swift */; };
		71E4E8222BD3A9CC0021BEF2 /* Document+CoreDataProperties.swift in Sources */ = {isa = PBXBuildFile; fileRef = 71E4E8212BD3A9CC0021BEF2 /* Document+CoreDataProperties.swift */; };
/* End PBXBuildFile section */

/* Begin PBXFileReference section */
		71D419C92BD292680037EA5C /* keka.app */ = {isa = PBXFileReference; explicitFileType = wrapper.application; includeInIndex = 0; path = keka.app; sourceTree = BUILT_PRODUCTS_DIR; };
		71D419CC2BD292680037EA5C /* AppDelegate.swift */ = {isa = PBXFileReference; lastKnownFileType = sourcecode.swift; path = AppDelegate.swift; sourceTree = "<group>"; };
		71D419CE2BD292680037EA5C /* SceneDelegate.swift */ = {isa = PBXFileReference; lastKnownFileType = sourcecode.swift; path = SceneDelegate.swift; sourceTree = "<group>"; };
		71D419D02BD292680037EA5C /* ViewController.swift */ = {isa = PBXFileReference; lastKnownFileType = sourcecode.swift; path = ViewController.swift; sourceTree = "<group>"; };
		71D419D32BD292680037EA5C /* Base */ = {isa = PBXFileReference; lastKnownFileType = file.storyboard; name = Base; path = Base.lproj/Main.storyboard; sourceTree = "<group>"; };
		71D419D62BD292680037EA5C /* keka.xcdatamodel */ = {isa = PBXFileReference; lastKnownFileType = wrapper.xcdatamodel; path = keka.xcdatamodel; sourceTree = "<group>"; };
		71D419D82BD292690037EA5C /* Assets.xcassets */ = {isa = PBXFileReference; lastKnownFileType = folder.assetcatalog; path = Assets.xcassets; sourceTree = "<group>"; };
		71D419DB2BD292690037EA5C /* Base */ = {isa = PBXFileReference; lastKnownFileType = file.storyboard; name = Base; path = Base.lproj/LaunchScreen.storyboard; sourceTree = "<group>"; };
		71D419DD2BD292690037EA5C /* Info.plist */ = {isa = PBXFileReference; lastKnownFileType = text.plist.xml; path = Info.plist; sourceTree = "<group>"; };
		71D419E32BD292820037EA5C /* NetworkHelper.swift */ = {isa = PBXFileReference; lastKnownFileType = sourcecode.swift; path = NetworkHelper.swift; sourceTree = "<group>"; };
		71D419E72BD293350037EA5C /* Entity.swift */ = {isa = PBXFileReference; lastKnownFileType = sourcecode.swift; path = Entity.swift; sourceTree = "<group>"; };
		71D419E92BD29ABB0037EA5C /* DataTableViewCell.swift */ = {isa = PBXFileReference; lastKnownFileType = sourcecode.swift; path = DataTableViewCell.swift; sourceTree = "<group>"; };
		71D419EB2BD2C03F0037EA5C /* DataViewModel.swift */ = {isa = PBXFileReference; lastKnownFileType = sourcecode.swift; path = DataViewModel.swift; sourceTree = "<group>"; };
		71D419ED2BD2E0D20037EA5C /* DataRepository.swift */ = {isa = PBXFileReference; lastKnownFileType = sourcecode.swift; path = DataRepository.swift; sourceTree = "<group>"; };
		71D419EF2BD2FBA30037EA5C /* Utitlity.swift */ = {isa = PBXFileReference; lastKnownFileType = sourcecode.swift; path = Utitlity.swift; sourceTree = "<group>"; };
		71E4E81A2BD37ABD0021BEF2 /* InternetConnectionChecker.swift */ = {isa = PBXFileReference; lastKnownFileType = sourcecode.swift; path = InternetConnectionChecker.swift; sourceTree = "<group>"; };
		71E4E81C2BD39F930021BEF2 /* DocDataRepository.swift */ = {isa = PBXFileReference; lastKnownFileType = sourcecode.swift; path = DocDataRepository.swift; sourceTree = "<group>"; };
		71E4E81F2BD3A9C50021BEF2 /* Document+CoreDataClass.swift */ = {isa = PBXFileReference; fileEncoding = 4; lastKnownFileType = sourcecode.swift; path = "Document+CoreDataClass.swift"; sourceTree = "<group>"; };
		71E4E8212BD3A9CC0021BEF2 /* Document+CoreDataProperties.swift */ = {isa = PBXFileReference; fileEncoding = 4; lastKnownFileType = sourcecode.swift; path = "Document+CoreDataProperties.swift"; sourceTree = "<group>"; };
/* End PBXFileReference section */

/* Begin PBXFrameworksBuildPhase section */
		71D419C62BD292680037EA5C /* Frameworks */ = {
			isa = PBXFrameworksBuildPhase;
			buildActionMask = 2147483647;
			files = (
			);
			runOnlyForDeploymentPostprocessing = 0;
		};
/* End PBXFrameworksBuildPhase section */

/* Begin PBXGroup section */
		71D419C02BD292680037EA5C = {
			isa = PBXGroup;
			children = (
				71D419CB2BD292680037EA5C /* keka */,
				71D419CA2BD292680037EA5C /* Products */,
			);
			sourceTree = "<group>";
		};
		71D419CA2BD292680037EA5C /* Products */ = {
			isa = PBXGroup;
			children = (
				71D419C92BD292680037EA5C /* keka.app */,
			);
			name = Products;
			sourceTree = "<group>";
		};
		71D419CB2BD292680037EA5C /* keka */ = {
			isa = PBXGroup;
			children = (
				71E4E81E2BD3A9A80021BEF2 /* CoreData */,
				71D419CC2BD292680037EA5C /* AppDelegate.swift */,
				71D419E32BD292820037EA5C /* NetworkHelper.swift */,
				71D419ED2BD2E0D20037EA5C /* DataRepository.swift */,
				71E4E8232BD3A9DF0021BEF2 /* View */,
				71E4E81C2BD39F930021BEF2 /* DocDataRepository.swift */,
				71E4E81A2BD37ABD0021BEF2 /* InternetConnectionChecker.swift */,
				71D419EF2BD2FBA30037EA5C /* Utitlity.swift */,
				71E4E8252BD3AA570021BEF2 /* Models */,
				71E4E8242BD3A9FF0021BEF2 /* ViewModel */,
				71D419CE2BD292680037EA5C /* SceneDelegate.swift */,
				71D419D22BD292680037EA5C /* Main.storyboard */,
				71D419D82BD292690037EA5C /* Assets.xcassets */,
				71D419DA2BD292690037EA5C /* LaunchScreen.storyboard */,
				71D419DD2BD292690037EA5C /* Info.plist */,
				71D419D52BD292680037EA5C /* keka.xcdatamodeld */,
			);
			path = keka;
			sourceTree = "<group>";
		};
		71E4E81E2BD3A9A80021BEF2 /* CoreData */ = {
			isa = PBXGroup;
			children = (
				71E4E8212BD3A9CC0021BEF2 /* Document+CoreDataProperties.swift */,
				71E4E81F2BD3A9C50021BEF2 /* Document+CoreDataClass.swift */,
			);
			path = CoreData;
			sourceTree = "<group>";
		};
		71E4E8232BD3A9DF0021BEF2 /* View */ = {
			isa = PBXGroup;
			children = (
				71D419E92BD29ABB0037EA5C /* DataTableViewCell.swift */,
				71D419D02BD292680037EA5C /* ViewController.swift */,
			);
			name = View;
			path = CoreData;
			sourceTree = "<group>";
		};
		71E4E8242BD3A9FF0021BEF2 /* ViewModel */ = {
			isa = PBXGroup;
			children = (
				71D419EB2BD2C03F0037EA5C /* DataViewModel.swift */,
			);
			name = ViewModel;
			sourceTree = "<group>";
		};
		71E4E8252BD3AA570021BEF2 /* Models */ = {
			isa = PBXGroup;
			children = (
				71D419E72BD293350037EA5C /* Entity.swift */,
			);
			path = Models;
			sourceTree = "<group>";
		};
/* End PBXGroup section */

/* Begin PBXNativeTarget section */
		71D419C82BD292680037EA5C /* keka */ = {
			isa = PBXNativeTarget;
			buildConfigurationList = 71D419E02BD292690037EA5C /* Build configuration list for PBXNativeTarget "keka" */;
			buildPhases = (
				71D419C52BD292680037EA5C /* Sources */,
				71D419C62BD292680037EA5C /* Frameworks */,
				71D419C72BD292680037EA5C /* Resources */,
			);
			buildRules = (
			);
			dependencies = (
			);
			name = keka;
			productName = keka;
			productReference = 71D419C92BD292680037EA5C /* keka.app */;
			productType = "com.apple.product-type.application";
		};
/* End PBXNativeTarget section */

/* Begin PBXProject section */
		71D419C12BD292680037EA5C /* Project object */ = {
			isa = PBXProject;
			attributes = {
				BuildIndependentTargetsInParallel = 1;
				LastSwiftUpdateCheck = 1500;
				LastUpgradeCheck = 1500;
				TargetAttributes = {
					71D419C82BD292680037EA5C = {
						CreatedOnToolsVersion = 15.0;
					};
				};
			};
			buildConfigurationList = 71D419C42BD292680037EA5C /* Build configuration list for PBXProject "keka" */;
			compatibilityVersion = "Xcode 14.0";
			developmentRegion = en;
			hasScannedForEncodings = 0;
			knownRegions = (
				en,
				Base,
			);
			mainGroup = 71D419C02BD292680037EA5C;
			productRefGroup = 71D419CA2BD292680037EA5C /* Products */;
			projectDirPath = "";
			projectRoot = "";
			targets = (
				71D419C82BD292680037EA5C /* keka */,
			);
		};
/* End PBXProject section */

/* Begin PBXResourcesBuildPhase section */
		71D419C72BD292680037EA5C /* Resources */ = {
			isa = PBXResourcesBuildPhase;
			buildActionMask = 2147483647;
			files = (
				71D419DC2BD292690037EA5C /* LaunchScreen.storyboard in Resources */,
				71D419D92BD292690037EA5C /* Assets.xcassets in Resources */,
				71D419D42BD292680037EA5C /* Main.storyboard in Resources */,
			);
			runOnlyForDeploymentPostprocessing = 0;
		};
/* End PBXResourcesBuildPhase section */

/* Begin PBXSourcesBuildPhase section */
		71D419C52BD292680037EA5C /* Sources */ = {
			isa = PBXSourcesBuildPhase;
			buildActionMask = 2147483647;
			files = (
				71D419D12BD292680037EA5C /* ViewController.swift in Sources */,
				71E4E8202BD3A9C50021BEF2 /* Document+CoreDataClass.swift in Sources */,
				71E4E8222BD3A9CC0021BEF2 /* Document+CoreDataProperties.swift in Sources */,
				71D419D72BD292680037EA5C /* keka.xcdatamodeld in Sources */,
				71E4E81D2BD39F930021BEF2 /* DocDataRepository.swift in Sources */,
				71D419E42BD292820037EA5C /* NetworkHelper.swift in Sources */,
				71D419CD2BD292680037EA5C /* AppDelegate.swift in Sources */,
				71D419EC2BD2C03F0037EA5C /* DataViewModel.swift in Sources */,
				71D419E82BD293350037EA5C /* Entity.swift in Sources */,
				71E4E81B2BD37ABD0021BEF2 /* InternetConnectionChecker.swift in Sources */,
				71D419EE2BD2E0D20037EA5C /* DataRepository.swift in Sources */,
				71D419EA2BD29ABB0037EA5C /* DataTableViewCell.swift in Sources */,
				71D419CF2BD292680037EA5C /* SceneDelegate.swift in Sources */,
				71D419F02BD2FBA30037EA5C /* Utitlity.swift in Sources */,
			);
			runOnlyForDeploymentPostprocessing = 0;
		};
/* End PBXSourcesBuildPhase section */

/* Begin PBXVariantGroup section */
		71D419D22BD292680037EA5C /* Main.storyboard */ = {
			isa = PBXVariantGroup;
			children = (
				71D419D32BD292680037EA5C /* Base */,
			);
			name = Main.storyboard;
			sourceTree = "<group>";
		};
		71D419DA2BD292690037EA5C /* LaunchScreen.storyboard */ = {
			isa = PBXVariantGroup;
			children = (
				71D419DB2BD292690037EA5C /* Base */,
			);
			name = LaunchScreen.storyboard;
			sourceTree = "<group>";
		};
/* End PBXVariantGroup section */

/* Begin XCBuildConfiguration section */
		71D419DE2BD292690037EA5C /* Debug */ = {
			isa = XCBuildConfiguration;
			buildSettings = {
				ALWAYS_SEARCH_USER_PATHS = NO;
				ASSETCATALOG_COMPILER_GENERATE_SWIFT_ASSET_SYMBOL_EXTENSIONS = YES;
				CLANG_ANALYZER_NONNULL = YES;
				CLANG_ANALYZER_NUMBER_OBJECT_CONVERSION = YES_AGGRESSIVE;
				CLANG_CXX_LANGUAGE_STANDARD = "gnu++20";
				CLANG_ENABLE_MODULES = YES;
				CLANG_ENABLE_OBJC_ARC = YES;
				CLANG_ENABLE_OBJC_WEAK = YES;
				CLANG_WARN_BLOCK_CAPTURE_AUTORELEASING = YES;
				CLANG_WARN_BOOL_CONVERSION = YES;
				CLANG_WARN_COMMA = YES;
				CLANG_WARN_CONSTANT_CONVERSION = YES;
				CLANG_WARN_DEPRECATED_OBJC_IMPLEMENTATIONS = YES;
				CLANG_WARN_DIRECT_OBJC_ISA_USAGE = YES_ERROR;
				CLANG_WARN_DOCUMENTATION_COMMENTS = YES;
				CLANG_WARN_EMPTY_BODY = YES;
				CLANG_WARN_ENUM_CONVERSION = YES;
				CLANG_WARN_INFINITE_RECURSION = YES;
				CLANG_WARN_INT_CONVERSION = YES;
				CLANG_WARN_NON_LITERAL_NULL_CONVERSION = YES;
				CLANG_WARN_OBJC_IMPLICIT_RETAIN_SELF = YES;
				CLANG_WARN_OBJC_LITERAL_CONVERSION = YES;
				CLANG_WARN_OBJC_ROOT_CLASS = YES_ERROR;
				CLANG_WARN_QUOTED_INCLUDE_IN_FRAMEWORK_HEADER = YES;
				CLANG_WARN_RANGE_LOOP_ANALYSIS = YES;
				CLANG_WARN_STRICT_PROTOTYPES = YES;
				CLANG_WARN_SUSPICIOUS_MOVE = YES;
				CLANG_WARN_UNGUARDED_AVAILABILITY = YES_AGGRESSIVE;
				CLANG_WARN_UNREACHABLE_CODE = YES;
				CLANG_WARN__DUPLICATE_METHOD_MATCH = YES;
				COPY_PHASE_STRIP = NO;
				DEBUG_INFORMATION_FORMAT = dwarf;
				ENABLE_STRICT_OBJC_MSGSEND = YES;
				ENABLE_TESTABILITY = YES;
				ENABLE_USER_SCRIPT_SANDBOXING = YES;
				GCC_C_LANGUAGE_STANDARD = gnu17;
				GCC_DYNAMIC_NO_PIC = NO;
				GCC_NO_COMMON_BLOCKS = YES;
				GCC_OPTIMIZATION_LEVEL = 0;
				GCC_PREPROCESSOR_DEFINITIONS = (
					"DEBUG=1",
					"$(inherited)",
				);
				GCC_WARN_64_TO_32_BIT_CONVERSION = YES;
				GCC_WARN_ABOUT_RETURN_TYPE = YES_ERROR;
				GCC_WARN_UNDECLARED_SELECTOR = YES;
				GCC_WARN_UNINITIALIZED_AUTOS = YES_AGGRESSIVE;
				GCC_WARN_UNUSED_FUNCTION = YES;
				GCC_WARN_UNUSED_VARIABLE = YES;
				IPHONEOS_DEPLOYMENT_TARGET = 17.0;
				LOCALIZATION_PREFERS_STRING_CATALOGS = YES;
				MTL_ENABLE_DEBUG_INFO = INCLUDE_SOURCE;
				MTL_FAST_MATH = YES;
				ONLY_ACTIVE_ARCH = YES;
				SDKROOT = iphoneos;
				SWIFT_ACTIVE_COMPILATION_CONDITIONS = "DEBUG $(inherited)";
				SWIFT_OPTIMIZATION_LEVEL = "-Onone";
			};
			name = Debug;
		};
		71D419DF2BD292690037EA5C /* Release */ = {
			isa = XCBuildConfiguration;
			buildSettings = {
				ALWAYS_SEARCH_USER_PATHS = NO;
				ASSETCATALOG_COMPILER_GENERATE_SWIFT_ASSET_SYMBOL_EXTENSIONS = YES;
				CLANG_ANALYZER_NONNULL = YES;
				CLANG_ANALYZER_NUMBER_OBJECT_CONVERSION = YES_AGGRESSIVE;
				CLANG_CXX_LANGUAGE_STANDARD = "gnu++20";
				CLANG_ENABLE_MODULES = YES;
				CLANG_ENABLE_OBJC_ARC = YES;
				CLANG_ENABLE_OBJC_WEAK = YES;
				CLANG_WARN_BLOCK_CAPTURE_AUTORELEASING = YES;
				CLANG_WARN_BOOL_CONVERSION = YES;
				CLANG_WARN_COMMA = YES;
				CLANG_WARN_CONSTANT_CONVERSION = YES;
				CLANG_WARN_DEPRECATED_OBJC_IMPLEMENTATIONS = YES;
				CLANG_WARN_DIRECT_OBJC_ISA_USAGE = YES_ERROR;
				CLANG_WARN_DOCUMENTATION_COMMENTS = YES;
				CLANG_WARN_EMPTY_BODY = YES;
				CLANG_WARN_ENUM_CONVERSION = YES;
				CLANG_WARN_INFINITE_RECURSION = YES;
				CLANG_WARN_INT_CONVERSION = YES;
				CLANG_WARN_NON_LITERAL_NULL_CONVERSION = YES;
				CLANG_WARN_OBJC_IMPLICIT_RETAIN_SELF = YES;
				CLANG_WARN_OBJC_LITERAL_CONVERSION = YES;
				CLANG_WARN_OBJC_ROOT_CLASS = YES_ERROR;
				CLANG_WARN_QUOTED_INCLUDE_IN_FRAMEWORK_HEADER = YES;
				CLANG_WARN_RANGE_LOOP_ANALYSIS = YES;
				CLANG_WARN_STRICT_PROTOTYPES = YES;
				CLANG_WARN_SUSPICIOUS_MOVE = YES;
				CLANG_WARN_UNGUARDED_AVAILABILITY = YES_AGGRESSIVE;
				CLANG_WARN_UNREACHABLE_CODE = YES;
				CLANG_WARN__DUPLICATE_METHOD_MATCH = YES;
				COPY_PHASE_STRIP = NO;
				DEBUG_INFORMATION_FORMAT = "dwarf-with-dsym";
				ENABLE_NS_ASSERTIONS = NO;
				ENABLE_STRICT_OBJC_MSGSEND = YES;
				ENABLE_USER_SCRIPT_SANDBOXING = YES;
				GCC_C_LANGUAGE_STANDARD = gnu17;
				GCC_NO_COMMON_BLOCKS = YES;
				GCC_WARN_64_TO_32_BIT_CONVERSION = YES;
				GCC_WARN_ABOUT_RETURN_TYPE = YES_ERROR;
				GCC_WARN_UNDECLARED_SELECTOR = YES;
				GCC_WARN_UNINITIALIZED_AUTOS = YES_AGGRESSIVE;
				GCC_WARN_UNUSED_FUNCTION = YES;
				GCC_WARN_UNUSED_VARIABLE = YES;
				IPHONEOS_DEPLOYMENT_TARGET = 17.0;
				LOCALIZATION_PREFERS_STRING_CATALOGS = YES;
				MTL_ENABLE_DEBUG_INFO = NO;
				MTL_FAST_MATH = YES;
				SDKROOT = iphoneos;
				SWIFT_COMPILATION_MODE = wholemodule;
				VALIDATE_PRODUCT = YES;
			};
			name = Release;
		};
		71D419E12BD292690037EA5C /* Debug */ = {
			isa = XCBuildConfiguration;
			buildSettings = {
				ASSETCATALOG_COMPILER_APPICON_NAME = AppIcon;
				ASSETCATALOG_COMPILER_GLOBAL_ACCENT_COLOR_NAME = AccentColor;
				CODE_SIGN_STYLE = Automatic;
				CURRENT_PROJECT_VERSION = 1;
				DEVELOPMENT_TEAM = N8H7D9HU7T;
				GENERATE_INFOPLIST_FILE = YES;
				INFOPLIST_FILE = keka/Info.plist;
				INFOPLIST_KEY_UIApplicationSupportsIndirectInputEvents = YES;
				INFOPLIST_KEY_UILaunchStoryboardName = LaunchScreen;
				INFOPLIST_KEY_UIMainStoryboardFile = Main;
				INFOPLIST_KEY_UISupportedInterfaceOrientations_iPad = "UIInterfaceOrientationPortrait UIInterfaceOrientationPortraitUpsideDown UIInterfaceOrientationLandscapeLeft UIInterfaceOrientationLandscapeRight";
				INFOPLIST_KEY_UISupportedInterfaceOrientations_iPhone = "UIInterfaceOrientationPortrait UIInterfaceOrientationLandscapeLeft UIInterfaceOrientationLandscapeRight";
				LD_RUNPATH_SEARCH_PATHS = (
					"$(inherited)",
					"@executable_path/Frameworks",
				);
				MARKETING_VERSION = 1.0;
				PRODUCT_BUNDLE_IDENTIFIER = com.ansh.keka;
				PRODUCT_NAME = "$(TARGET_NAME)";
				SWIFT_EMIT_LOC_STRINGS = YES;
				SWIFT_VERSION = 5.0;
				TARGETED_DEVICE_FAMILY = "1,2";
			};
			name = Debug;
		};
		71D419E22BD292690037EA5C /* Release */ = {
			isa = XCBuildConfiguration;
			buildSettings = {
				ASSETCATALOG_COMPILER_APPICON_NAME = AppIcon;
				ASSETCATALOG_COMPILER_GLOBAL_ACCENT_COLOR_NAME = AccentColor;
				CODE_SIGN_STYLE = Automatic;
				CURRENT_PROJECT_VERSION = 1;
				DEVELOPMENT_TEAM = N8H7D9HU7T;
				GENERATE_INFOPLIST_FILE = YES;
				INFOPLIST_FILE = keka/Info.plist;
				INFOPLIST_KEY_UIApplicationSupportsIndirectInputEvents = YES;
				INFOPLIST_KEY_UILaunchStoryboardName = LaunchScreen;
				INFOPLIST_KEY_UIMainStoryboardFile = Main;
				INFOPLIST_KEY_UISupportedInterfaceOrientations_iPad = "UIInterfaceOrientationPortrait UIInterfaceOrientationPortraitUpsideDown UIInterfaceOrientationLandscapeLeft UIInterfaceOrientationLandscapeRight";
				INFOPLIST_KEY_UISupportedInterfaceOrientations_iPhone = "UIInterfaceOrientationPortrait UIInterfaceOrientationLandscapeLeft UIInterfaceOrientationLandscapeRight";
				LD_RUNPATH_SEARCH_PATHS = (
					"$(inherited)",
					"@executable_path/Frameworks",
				);
				MARKETING_VERSION = 1.0;
				PRODUCT_BUNDLE_IDENTIFIER = com.ansh.keka;
				PRODUCT_NAME = "$(TARGET_NAME)";
				SWIFT_EMIT_LOC_STRINGS = YES;
				SWIFT_VERSION = 5.0;
				TARGETED_DEVICE_FAMILY = "1,2";
			};
			name = Release;
		};
/* End XCBuildConfiguration section */

/* Begin XCConfigurationList section */
		71D419C42BD292680037EA5C /* Build configuration list for PBXProject "keka" */ = {
			isa = XCConfigurationList;
			buildConfigurations = (
				71D419DE2BD292690037EA5C /* Debug */,
				71D419DF2BD292690037EA5C /* Release */,
			);
			defaultConfigurationIsVisible = 0;
			defaultConfigurationName = Release;
		};
		71D419E02BD292690037EA5C /* Build configuration list for PBXNativeTarget "keka" */ = {
			isa = XCConfigurationList;
			buildConfigurations = (
				71D419E12BD292690037EA5C /* Debug */,
				71D419E22BD292690037EA5C /* Release */,
			);
			defaultConfigurationIsVisible = 0;
			defaultConfigurationName = Release;
		};
/* End XCConfigurationList section */

/* Begin XCVersionGroup section */
		71D419D52BD292680037EA5C /* keka.xcdatamodeld */ = {
			isa = XCVersionGroup;
			children = (
				71D419D62BD292680037EA5C /* keka.xcdatamodel */,
			);
			currentVersion = 71D419D62BD292680037EA5C /* keka.xcdatamodel */;
			path = keka.xcdatamodeld;
			sourceTree = "<group>";
			versionGroupType = wrapper.xcdatamodel;
		};
/* End XCVersionGroup section */
	};
	rootObject = 71D419C12BD292680037EA5C /* Project object */;
}
